// !$*UTF8*$!
{
	archiveVersion = 1;
	classes = {
	};
	objectVersion = 56;
	objects = {

/* Begin PBXBuildFile section */
		9C5060C72A63DF8800F0C6BA /* libglfw3.a in Frameworks */ = {isa = PBXBuildFile; fileRef = 9C5060C62A63DF8800F0C6BA /* libglfw3.a */; };
		9C5060CD2A63E02600F0C6BA /* Cocoa.framework in Frameworks */ = {isa = PBXBuildFile; fileRef = 9C5060CC2A63E02600F0C6BA /* Cocoa.framework */; };
		9C5060CF2A63E03600F0C6BA /* IOKit.framework in Frameworks */ = {isa = PBXBuildFile; fileRef = 9C5060CE2A63E03600F0C6BA /* IOKit.framework */; };
		9C5060DB2A63E4AA00F0C6BA /* OpenGL.framework in Frameworks */ = {isa = PBXBuildFile; fileRef = 9CE4F2442A445B6200136F44 /* OpenGL.framework */; };
		9C5060E92A63F43A00F0C6BA /* TextureController.cpp in Sources */ = {isa = PBXBuildFile; fileRef = 9C5060E72A63F43A00F0C6BA /* TextureController.cpp */; };
		9C5060EA2A63F43A00F0C6BA /* Texture.cpp in Sources */ = {isa = PBXBuildFile; fileRef = 9C5060E82A63F43A00F0C6BA /* Texture.cpp */; };
		9C60EE532A4EE5EA00D435A3 /* Camera.cpp in Sources */ = {isa = PBXBuildFile; fileRef = 9C60EE512A4EE5EA00D435A3 /* Camera.cpp */; };
		9C60EE562A4EE5F500D435A3 /* Transformable.cpp in Sources */ = {isa = PBXBuildFile; fileRef = 9C60EE542A4EE5F500D435A3 /* Transformable.cpp */; };
		9C6259712A64FD4E00C0323A /* GameObject.cpp in Sources */ = {isa = PBXBuildFile; fileRef = 9C62596F2A64FD4E00C0323A /* GameObject.cpp */; };
		9C700C982A641599009661DE /* Mesh.cpp in Sources */ = {isa = PBXBuildFile; fileRef = 9C700C962A641599009661DE /* Mesh.cpp */; };
		9C8285F72A5FE89100BAC1BD /* Triangle.cpp in Sources */ = {isa = PBXBuildFile; fileRef = 9C8285F52A5FE89100BAC1BD /* Triangle.cpp */; };
		9C8C475D2A4820E800CED23F /* Shaders.cpp in Sources */ = {isa = PBXBuildFile; fileRef = 9C8C475B2A4820E800CED23F /* Shaders.cpp */; };
		9C9C92412A4DB80A0069B3D0 /* MyGLM.cpp in Sources */ = {isa = PBXBuildFile; fileRef = 9C9C923F2A4DB80A0069B3D0 /* MyGLM.cpp */; };
		9CB13C802A48040C004BCB27 /* Model.cpp in Sources */ = {isa = PBXBuildFile; fileRef = 9CB13C7E2A48040C004BCB27 /* Model.cpp */; };
		9CB13C832A480655004BCB27 /* Renderable.cpp in Sources */ = {isa = PBXBuildFile; fileRef = 9CB13C812A480655004BCB27 /* Renderable.cpp */; };
		9CB13C862A480A71004BCB27 /* Render.cpp in Sources */ = {isa = PBXBuildFile; fileRef = 9CB13C842A480A71004BCB27 /* Render.cpp */; };
		9CB629A82A52D89100FA6FA0 /* Cube.cpp in Sources */ = {isa = PBXBuildFile; fileRef = 9CB629A62A52D89100FA6FA0 /* Cube.cpp */; };
		9CE4F23A2A44438600136F44 /* main.cpp in Sources */ = {isa = PBXBuildFile; fileRef = 9CE4F2392A44438600136F44 /* main.cpp */; };
		9CE4F2422A444F3E00136F44 /* Application.cpp in Sources */ = {isa = PBXBuildFile; fileRef = 9CE4F2402A444F3E00136F44 /* Application.cpp */; };
/* End PBXBuildFile section */

/* Begin PBXCopyFilesBuildPhase section */
		9CE4F2342A44438600136F44 /* CopyFiles */ = {
			isa = PBXCopyFilesBuildPhase;
			buildActionMask = 2147483647;
			dstPath = /usr/share/man/man1;
			dstSubfolderSpec = 0;
			files = (
			);
			runOnlyForDeploymentPostprocessing = 1;
		};
/* End PBXCopyFilesBuildPhase section */

/* Begin PBXFileReference section */
		9C14CCF32A6138160072064F /* stb_image.h */ = {isa = PBXFileReference; fileEncoding = 4; lastKnownFileType = sourcecode.c.h; path = stb_image.h; sourceTree = "<group>"; };
		9C14CCF62A61383A0072064F /* TextureController.hpp */ = {isa = PBXFileReference; lastKnownFileType = sourcecode.cpp.h; path = TextureController.hpp; sourceTree = "<group>"; };
		9C14CCF92A613AD90072064F /* Texture.hpp */ = {isa = PBXFileReference; lastKnownFileType = sourcecode.cpp.h; path = Texture.hpp; sourceTree = "<group>"; };
		9C14CD112A614EA50072064F /* LRUCache.hpp */ = {isa = PBXFileReference; fileEncoding = 4; lastKnownFileType = sourcecode.cpp.h; path = LRUCache.hpp; sourceTree = "<group>"; };
		9C14CD182A6161ED0072064F /* Bitmap.hpp */ = {isa = PBXFileReference; lastKnownFileType = sourcecode.cpp.h; path = Bitmap.hpp; sourceTree = "<group>"; };
		9C5060C62A63DF8800F0C6BA /* libglfw3.a */ = {isa = PBXFileReference; lastKnownFileType = archive.ar; path = libglfw3.a; sourceTree = "<group>"; };
		9C5060C82A63DFAA00F0C6BA /* CoreFoundation.framework */ = {isa = PBXFileReference; lastKnownFileType = wrapper.framework; name = CoreFoundation.framework; path = System/Library/Frameworks/CoreFoundation.framework; sourceTree = SDKROOT; };
		9C5060CA2A63DFD900F0C6BA /* AppKit.framework */ = {isa = PBXFileReference; lastKnownFileType = wrapper.framework; name = AppKit.framework; path = System/Library/Frameworks/AppKit.framework; sourceTree = SDKROOT; };
		9C5060CC2A63E02600F0C6BA /* Cocoa.framework */ = {isa = PBXFileReference; lastKnownFileType = wrapper.framework; name = Cocoa.framework; path = System/Library/Frameworks/Cocoa.framework; sourceTree = SDKROOT; };
		9C5060CE2A63E03600F0C6BA /* IOKit.framework */ = {isa = PBXFileReference; lastKnownFileType = wrapper.framework; name = IOKit.framework; path = System/Library/Frameworks/IOKit.framework; sourceTree = SDKROOT; };
		9C5060DF2A63F3A600F0C6BA /* FragmentShader.fs */ = {isa = PBXFileReference; lastKnownFileType = sourcecode.glsl; path = FragmentShader.fs; sourceTree = "<group>"; };
		9C5060E02A63F3A600F0C6BA /* ModelVert.vs */ = {isa = PBXFileReference; lastKnownFileType = sourcecode.glsl; path = ModelVert.vs; sourceTree = "<group>"; };
		9C5060E12A63F3A600F0C6BA /* ModelFrag.fs */ = {isa = PBXFileReference; lastKnownFileType = sourcecode.glsl; path = ModelFrag.fs; sourceTree = "<group>"; };
		9C5060E22A63F3A600F0C6BA /* VertexShader.vs */ = {isa = PBXFileReference; lastKnownFileType = sourcecode.glsl; path = VertexShader.vs; sourceTree = "<group>"; };
		9C5060E72A63F43A00F0C6BA /* TextureController.cpp */ = {isa = PBXFileReference; fileEncoding = 4; lastKnownFileType = sourcecode.cpp.cpp; path = TextureController.cpp; sourceTree = "<group>"; };
		9C5060E82A63F43A00F0C6BA /* Texture.cpp */ = {isa = PBXFileReference; fileEncoding = 4; lastKnownFileType = sourcecode.cpp.cpp; path = Texture.cpp; sourceTree = "<group>"; };
		9C60EE512A4EE5EA00D435A3 /* Camera.cpp */ = {isa = PBXFileReference; lastKnownFileType = sourcecode.cpp.cpp; path = Camera.cpp; sourceTree = "<group>"; };
		9C60EE522A4EE5EA00D435A3 /* Camera.hpp */ = {isa = PBXFileReference; lastKnownFileType = sourcecode.cpp.h; path = Camera.hpp; sourceTree = "<group>"; };
		9C60EE542A4EE5F500D435A3 /* Transformable.cpp */ = {isa = PBXFileReference; lastKnownFileType = sourcecode.cpp.cpp; path = Transformable.cpp; sourceTree = "<group>"; };
		9C60EE552A4EE5F500D435A3 /* Transformable.hpp */ = {isa = PBXFileReference; lastKnownFileType = sourcecode.cpp.h; path = Transformable.hpp; sourceTree = "<group>"; };
		9C62596F2A64FD4E00C0323A /* GameObject.cpp */ = {isa = PBXFileReference; lastKnownFileType = sourcecode.cpp.cpp; path = GameObject.cpp; sourceTree = "<group>"; };
		9C6259702A64FD4E00C0323A /* GameObject.hpp */ = {isa = PBXFileReference; lastKnownFileType = sourcecode.cpp.h; path = GameObject.hpp; sourceTree = "<group>"; };
		9C700C962A641599009661DE /* Mesh.cpp */ = {isa = PBXFileReference; lastKnownFileType = sourcecode.cpp.cpp; path = Mesh.cpp; sourceTree = "<group>"; };
		9C700C972A641599009661DE /* Mesh.hpp */ = {isa = PBXFileReference; lastKnownFileType = sourcecode.cpp.h; path = Mesh.hpp; sourceTree = "<group>"; };
		9C8285F42A5FE59F00BAC1BD /* wall.jpeg */ = {isa = PBXFileReference; lastKnownFileType = image.jpeg; path = wall.jpeg; sourceTree = "<group>"; };
		9C8285F52A5FE89100BAC1BD /* Triangle.cpp */ = {isa = PBXFileReference; lastKnownFileType = sourcecode.cpp.cpp; path = Triangle.cpp; sourceTree = "<group>"; };
		9C8285F62A5FE89100BAC1BD /* Triangle.hpp */ = {isa = PBXFileReference; lastKnownFileType = sourcecode.cpp.h; path = Triangle.hpp; sourceTree = "<group>"; };
		9C8C475B2A4820E800CED23F /* Shaders.cpp */ = {isa = PBXFileReference; lastKnownFileType = sourcecode.cpp.cpp; path = Shaders.cpp; sourceTree = "<group>"; };
		9C8C475C2A4820E800CED23F /* Shaders.hpp */ = {isa = PBXFileReference; lastKnownFileType = sourcecode.cpp.h; path = Shaders.hpp; sourceTree = "<group>"; };
		9C9C923F2A4DB80A0069B3D0 /* MyGLM.cpp */ = {isa = PBXFileReference; lastKnownFileType = sourcecode.cpp.cpp; path = MyGLM.cpp; sourceTree = "<group>"; };
		9C9C92402A4DB80A0069B3D0 /* MyGLM.hpp */ = {isa = PBXFileReference; lastKnownFileType = sourcecode.cpp.h; path = MyGLM.hpp; sourceTree = "<group>"; };
		9CB13C7E2A48040C004BCB27 /* Model.cpp */ = {isa = PBXFileReference; lastKnownFileType = sourcecode.cpp.cpp; path = Model.cpp; sourceTree = "<group>"; };
		9CB13C7F2A48040C004BCB27 /* Model.hpp */ = {isa = PBXFileReference; lastKnownFileType = sourcecode.cpp.h; path = Model.hpp; sourceTree = "<group>"; };
		9CB13C812A480655004BCB27 /* Renderable.cpp */ = {isa = PBXFileReference; lastKnownFileType = sourcecode.cpp.cpp; path = Renderable.cpp; sourceTree = "<group>"; };
		9CB13C822A480655004BCB27 /* Renderable.hpp */ = {isa = PBXFileReference; lastKnownFileType = sourcecode.cpp.h; path = Renderable.hpp; sourceTree = "<group>"; };
		9CB13C842A480A71004BCB27 /* Render.cpp */ = {isa = PBXFileReference; lastKnownFileType = sourcecode.cpp.cpp; path = Render.cpp; sourceTree = "<group>"; };
		9CB13C852A480A71004BCB27 /* Render.hpp */ = {isa = PBXFileReference; lastKnownFileType = sourcecode.cpp.h; path = Render.hpp; sourceTree = "<group>"; };
		9CB629A62A52D89100FA6FA0 /* Cube.cpp */ = {isa = PBXFileReference; lastKnownFileType = sourcecode.cpp.cpp; path = Cube.cpp; sourceTree = "<group>"; };
		9CB629A72A52D89100FA6FA0 /* Cube.hpp */ = {isa = PBXFileReference; lastKnownFileType = sourcecode.cpp.h; path = Cube.hpp; sourceTree = "<group>"; };
		9CE4F2362A44438600136F44 /* GL */ = {isa = PBXFileReference; explicitFileType = "compiled.mach-o.executable"; includeInIndex = 0; path = GL; sourceTree = BUILT_PRODUCTS_DIR; };
		9CE4F2392A44438600136F44 /* main.cpp */ = {isa = PBXFileReference; lastKnownFileType = sourcecode.cpp.cpp; path = main.cpp; sourceTree = "<group>"; };
		9CE4F2402A444F3E00136F44 /* Application.cpp */ = {isa = PBXFileReference; lastKnownFileType = sourcecode.cpp.cpp; path = Application.cpp; sourceTree = "<group>"; };
		9CE4F2412A444F3E00136F44 /* Application.hpp */ = {isa = PBXFileReference; lastKnownFileType = sourcecode.cpp.h; path = Application.hpp; sourceTree = "<group>"; };
		9CE4F2442A445B6200136F44 /* OpenGL.framework */ = {isa = PBXFileReference; lastKnownFileType = wrapper.framework; name = OpenGL.framework; path = System/Library/Frameworks/OpenGL.framework; sourceTree = SDKROOT; };
/* End PBXFileReference section */

/* Begin PBXFrameworksBuildPhase section */
		9CE4F2332A44438600136F44 /* Frameworks */ = {
			isa = PBXFrameworksBuildPhase;
			buildActionMask = 2147483647;
			files = (
				9C5060C72A63DF8800F0C6BA /* libglfw3.a in Frameworks */,
				9C5060DB2A63E4AA00F0C6BA /* OpenGL.framework in Frameworks */,
				9C5060CD2A63E02600F0C6BA /* Cocoa.framework in Frameworks */,
				9C5060CF2A63E03600F0C6BA /* IOKit.framework in Frameworks */,
			);
			runOnlyForDeploymentPostprocessing = 0;
		};
/* End PBXFrameworksBuildPhase section */

/* Begin PBXGroup section */
		9C14CCF22A6138040072064F /* Vendor */ = {
			isa = PBXGroup;
			children = (
				9C14CCF32A6138160072064F /* stb_image.h */,
			);
			path = Vendor;
			sourceTree = "<group>";
		};
		9C5060DC2A63F2AB00F0C6BA /* src */ = {
			isa = PBXGroup;
			children = (
				9CAC98342A64EA6A006C15BB /* Game */,
				9C14CD112A614EA50072064F /* LRUCache.hpp */,
				9C14CD182A6161ED0072064F /* Bitmap.hpp */,
				9CB13C7F2A48040C004BCB27 /* Model.hpp */,
				9CB13C7E2A48040C004BCB27 /* Model.cpp */,
				9CB629A72A52D89100FA6FA0 /* Cube.hpp */,
				9CB629A62A52D89100FA6FA0 /* Cube.cpp */,
				9C8285F62A5FE89100BAC1BD /* Triangle.hpp */,
				9C8285F52A5FE89100BAC1BD /* Triangle.cpp */,
				9C8C475C2A4820E800CED23F /* Shaders.hpp */,
				9C8C475B2A4820E800CED23F /* Shaders.cpp */,
				9CE4F2412A444F3E00136F44 /* Application.hpp */,
				9CE4F2402A444F3E00136F44 /* Application.cpp */,
				9CB13C822A480655004BCB27 /* Renderable.hpp */,
				9CB13C812A480655004BCB27 /* Renderable.cpp */,
				9CB13C852A480A71004BCB27 /* Render.hpp */,
				9CB13C842A480A71004BCB27 /* Render.cpp */,
				9C9C92402A4DB80A0069B3D0 /* MyGLM.hpp */,
				9C9C923F2A4DB80A0069B3D0 /* MyGLM.cpp */,
				9C60EE522A4EE5EA00D435A3 /* Camera.hpp */,
				9C60EE512A4EE5EA00D435A3 /* Camera.cpp */,
				9C60EE552A4EE5F500D435A3 /* Transformable.hpp */,
				9C60EE542A4EE5F500D435A3 /* Transformable.cpp */,
				9C14CCF92A613AD90072064F /* Texture.hpp */,
				9C5060E82A63F43A00F0C6BA /* Texture.cpp */,
				9C14CCF62A61383A0072064F /* TextureController.hpp */,
				9C5060E72A63F43A00F0C6BA /* TextureController.cpp */,
				9C700C972A641599009661DE /* Mesh.hpp */,
				9C700C962A641599009661DE /* Mesh.cpp */,
			);
			path = src;
			sourceTree = "<group>";
		};
		9C5060DD2A63F3A600F0C6BA /* Shaders */ = {
			isa = PBXGroup;
			children = (
				9C5060DE2A63F3A600F0C6BA /* ShaderSources */,
			);
			path = Shaders;
			sourceTree = "<group>";
		};
		9C5060DE2A63F3A600F0C6BA /* ShaderSources */ = {
			isa = PBXGroup;
			children = (
				9C5060DF2A63F3A600F0C6BA /* FragmentShader.fs */,
				9C5060E02A63F3A600F0C6BA /* ModelVert.vs */,
				9C5060E12A63F3A600F0C6BA /* ModelFrag.fs */,
				9C5060E22A63F3A600F0C6BA /* VertexShader.vs */,
			);
			path = ShaderSources;
			sourceTree = "<group>";
		};
		9CAC98342A64EA6A006C15BB /* Game */ = {
			isa = PBXGroup;
			children = (
				9C6259702A64FD4E00C0323A /* GameObject.hpp */,
				9C62596F2A64FD4E00C0323A /* GameObject.cpp */,
			);
			path = Game;
			sourceTree = "<group>";
		};
		9CE4F22D2A44438600136F44 = {
			isa = PBXGroup;
			children = (
				9CE4F2382A44438600136F44 /* GL */,
				9CE4F2372A44438600136F44 /* Products */,
				9CE4F2432A445B6100136F44 /* Frameworks */,
			);
			sourceTree = "<group>";
		};
		9CE4F2372A44438600136F44 /* Products */ = {
			isa = PBXGroup;
			children = (
				9CE4F2362A44438600136F44 /* GL */,
			);
			name = Products;
			sourceTree = "<group>";
		};
		9CE4F2382A44438600136F44 /* GL */ = {
			isa = PBXGroup;
			children = (
				9C5060DD2A63F3A600F0C6BA /* Shaders */,
				9C5060DC2A63F2AB00F0C6BA /* src */,
				9C14CCF22A6138040072064F /* Vendor */,
				9C8285F42A5FE59F00BAC1BD /* wall.jpeg */,
				9CE4F2392A44438600136F44 /* main.cpp */,
			);
			path = GL;
			sourceTree = "<group>";
		};
		9CE4F2432A445B6100136F44 /* Frameworks */ = {
			isa = PBXGroup;
			children = (
				9C5060CE2A63E03600F0C6BA /* IOKit.framework */,
				9C5060CC2A63E02600F0C6BA /* Cocoa.framework */,
				9C5060CA2A63DFD900F0C6BA /* AppKit.framework */,
				9C5060C82A63DFAA00F0C6BA /* CoreFoundation.framework */,
				9C5060C62A63DF8800F0C6BA /* libglfw3.a */,
				9CE4F2442A445B6200136F44 /* OpenGL.framework */,
			);
			name = Frameworks;
			sourceTree = "<group>";
		};
/* End PBXGroup section */

/* Begin PBXNativeTarget section */
		9CE4F2352A44438600136F44 /* GL */ = {
			isa = PBXNativeTarget;
			buildConfigurationList = 9CE4F23D2A44438600136F44 /* Build configuration list for PBXNativeTarget "GL" */;
			buildPhases = (
				9CE4F2322A44438600136F44 /* Sources */,
				9CE4F2332A44438600136F44 /* Frameworks */,
				9CE4F2342A44438600136F44 /* CopyFiles */,
			);
			buildRules = (
			);
			dependencies = (
			);
			name = GL;
			productName = GL;
			productReference = 9CE4F2362A44438600136F44 /* GL */;
			productType = "com.apple.product-type.tool";
		};
/* End PBXNativeTarget section */

/* Begin PBXProject section */
		9CE4F22E2A44438600136F44 /* Project object */ = {
			isa = PBXProject;
			attributes = {
				BuildIndependentTargetsInParallel = 1;
				LastUpgradeCheck = 1420;
				TargetAttributes = {
					9CE4F2352A44438600136F44 = {
						CreatedOnToolsVersion = 14.2;
					};
				};
			};
			buildConfigurationList = 9CE4F2312A44438600136F44 /* Build configuration list for PBXProject "GL" */;
			compatibilityVersion = "Xcode 14.0";
			developmentRegion = en;
			hasScannedForEncodings = 0;
			knownRegions = (
				en,
				Base,
			);
			mainGroup = 9CE4F22D2A44438600136F44;
			productRefGroup = 9CE4F2372A44438600136F44 /* Products */;
			projectDirPath = "";
			projectRoot = "";
			targets = (
				9CE4F2352A44438600136F44 /* GL */,
			);
		};
/* End PBXProject section */

/* Begin PBXSourcesBuildPhase section */
		9CE4F2322A44438600136F44 /* Sources */ = {
			isa = PBXSourcesBuildPhase;
			buildActionMask = 2147483647;
			files = (
				9C8C475D2A4820E800CED23F /* Shaders.cpp in Sources */,
				9CB13C802A48040C004BCB27 /* Model.cpp in Sources */,
				9C9C92412A4DB80A0069B3D0 /* MyGLM.cpp in Sources */,
				9C5060E92A63F43A00F0C6BA /* TextureController.cpp in Sources */,
				9CE4F2422A444F3E00136F44 /* Application.cpp in Sources */,
				9C5060EA2A63F43A00F0C6BA /* Texture.cpp in Sources */,
				9CB629A82A52D89100FA6FA0 /* Cube.cpp in Sources */,
				9C8285F72A5FE89100BAC1BD /* Triangle.cpp in Sources */,
				9C60EE532A4EE5EA00D435A3 /* Camera.cpp in Sources */,
				9CE4F23A2A44438600136F44 /* main.cpp in Sources */,
				9C700C982A641599009661DE /* Mesh.cpp in Sources */,
				9CB13C862A480A71004BCB27 /* Render.cpp in Sources */,
				9C60EE562A4EE5F500D435A3 /* Transformable.cpp in Sources */,
				9CB13C832A480655004BCB27 /* Renderable.cpp in Sources */,
				9C6259712A64FD4E00C0323A /* GameObject.cpp in Sources */,
			);
			runOnlyForDeploymentPostprocessing = 0;
		};
/* End PBXSourcesBuildPhase section */

/* Begin XCBuildConfiguration section */
		9CE4F23B2A44438600136F44 /* Debug */ = {
			isa = XCBuildConfiguration;
			buildSettings = {
				ALWAYS_SEARCH_USER_PATHS = NO;
				CLANG_ANALYZER_NONNULL = YES;
				CLANG_ANALYZER_NUMBER_OBJECT_CONVERSION = YES_AGGRESSIVE;
				CLANG_CXX_LANGUAGE_STANDARD = "gnu++20";
				CLANG_ENABLE_MODULES = YES;
				CLANG_ENABLE_OBJC_ARC = YES;
				CLANG_ENABLE_OBJC_WEAK = YES;
				CLANG_WARN_BLOCK_CAPTURE_AUTORELEASING = YES;
				CLANG_WARN_BOOL_CONVERSION = YES;
				CLANG_WARN_COMMA = YES;
				CLANG_WARN_CONSTANT_CONVERSION = YES;
				CLANG_WARN_DEPRECATED_OBJC_IMPLEMENTATIONS = YES;
				CLANG_WARN_DIRECT_OBJC_ISA_USAGE = YES_ERROR;
				CLANG_WARN_DOCUMENTATION_COMMENTS = YES;
				CLANG_WARN_EMPTY_BODY = YES;
				CLANG_WARN_ENUM_CONVERSION = YES;
				CLANG_WARN_INFINITE_RECURSION = YES;
				CLANG_WARN_INT_CONVERSION = YES;
				CLANG_WARN_NON_LITERAL_NULL_CONVERSION = YES;
				CLANG_WARN_OBJC_IMPLICIT_RETAIN_SELF = YES;
				CLANG_WARN_OBJC_LITERAL_CONVERSION = YES;
				CLANG_WARN_OBJC_ROOT_CLASS = YES_ERROR;
				CLANG_WARN_QUOTED_INCLUDE_IN_FRAMEWORK_HEADER = YES;
				CLANG_WARN_RANGE_LOOP_ANALYSIS = YES;
				CLANG_WARN_STRICT_PROTOTYPES = YES;
				CLANG_WARN_SUSPICIOUS_MOVE = YES;
				CLANG_WARN_UNGUARDED_AVAILABILITY = YES_AGGRESSIVE;
				CLANG_WARN_UNREACHABLE_CODE = YES;
				CLANG_WARN__DUPLICATE_METHOD_MATCH = YES;
				COPY_PHASE_STRIP = NO;
				DEBUG_INFORMATION_FORMAT = dwarf;
				ENABLE_STRICT_OBJC_MSGSEND = YES;
				ENABLE_TESTABILITY = YES;
				GCC_C_LANGUAGE_STANDARD = gnu11;
				GCC_DYNAMIC_NO_PIC = NO;
				GCC_NO_COMMON_BLOCKS = YES;
				GCC_OPTIMIZATION_LEVEL = 0;
				GCC_PREPROCESSOR_DEFINITIONS = (
					"DEBUG=1",
					"$(inherited)",
				);
				GCC_WARN_64_TO_32_BIT_CONVERSION = YES;
				GCC_WARN_ABOUT_RETURN_TYPE = YES_ERROR;
				GCC_WARN_UNDECLARED_SELECTOR = YES;
				GCC_WARN_UNINITIALIZED_AUTOS = YES_AGGRESSIVE;
				GCC_WARN_UNUSED_FUNCTION = YES;
				GCC_WARN_UNUSED_VARIABLE = YES;
				MACOSX_DEPLOYMENT_TARGET = 12.5;
				MTL_ENABLE_DEBUG_INFO = INCLUDE_SOURCE;
				MTL_FAST_MATH = YES;
				ONLY_ACTIVE_ARCH = YES;
				SDKROOT = macosx;
			};
			name = Debug;
		};
		9CE4F23C2A44438600136F44 /* Release */ = {
			isa = XCBuildConfiguration;
			buildSettings = {
				ALWAYS_SEARCH_USER_PATHS = NO;
				CLANG_ANALYZER_NONNULL = YES;
				CLANG_ANALYZER_NUMBER_OBJECT_CONVERSION = YES_AGGRESSIVE;
				CLANG_CXX_LANGUAGE_STANDARD = "gnu++20";
				CLANG_ENABLE_MODULES = YES;
				CLANG_ENABLE_OBJC_ARC = YES;
				CLANG_ENABLE_OBJC_WEAK = YES;
				CLANG_WARN_BLOCK_CAPTURE_AUTORELEASING = YES;
				CLANG_WARN_BOOL_CONVERSION = YES;
				CLANG_WARN_COMMA = YES;
				CLANG_WARN_CONSTANT_CONVERSION = YES;
				CLANG_WARN_DEPRECATED_OBJC_IMPLEMENTATIONS = YES;
				CLANG_WARN_DIRECT_OBJC_ISA_USAGE = YES_ERROR;
				CLANG_WARN_DOCUMENTATION_COMMENTS = YES;
				CLANG_WARN_EMPTY_BODY = YES;
				CLANG_WARN_ENUM_CONVERSION = YES;
				CLANG_WARN_INFINITE_RECURSION = YES;
				CLANG_WARN_INT_CONVERSION = YES;
				CLANG_WARN_NON_LITERAL_NULL_CONVERSION = YES;
				CLANG_WARN_OBJC_IMPLICIT_RETAIN_SELF = YES;
				CLANG_WARN_OBJC_LITERAL_CONVERSION = YES;
				CLANG_WARN_OBJC_ROOT_CLASS = YES_ERROR;
				CLANG_WARN_QUOTED_INCLUDE_IN_FRAMEWORK_HEADER = YES;
				CLANG_WARN_RANGE_LOOP_ANALYSIS = YES;
				CLANG_WARN_STRICT_PROTOTYPES = YES;
				CLANG_WARN_SUSPICIOUS_MOVE = YES;
				CLANG_WARN_UNGUARDED_AVAILABILITY = YES_AGGRESSIVE;
				CLANG_WARN_UNREACHABLE_CODE = YES;
				CLANG_WARN__DUPLICATE_METHOD_MATCH = YES;
				COPY_PHASE_STRIP = NO;
				DEBUG_INFORMATION_FORMAT = "dwarf-with-dsym";
				ENABLE_NS_ASSERTIONS = NO;
				ENABLE_STRICT_OBJC_MSGSEND = YES;
				GCC_C_LANGUAGE_STANDARD = gnu11;
				GCC_NO_COMMON_BLOCKS = YES;
				GCC_WARN_64_TO_32_BIT_CONVERSION = YES;
				GCC_WARN_ABOUT_RETURN_TYPE = YES_ERROR;
				GCC_WARN_UNDECLARED_SELECTOR = YES;
				GCC_WARN_UNINITIALIZED_AUTOS = YES_AGGRESSIVE;
				GCC_WARN_UNUSED_FUNCTION = YES;
				GCC_WARN_UNUSED_VARIABLE = YES;
				MACOSX_DEPLOYMENT_TARGET = 12.5;
				MTL_ENABLE_DEBUG_INFO = NO;
				MTL_FAST_MATH = YES;
				SDKROOT = macosx;
			};
			name = Release;
		};
		9CE4F23E2A44438600136F44 /* Debug */ = {
			isa = XCBuildConfiguration;
			buildSettings = {
				CODE_SIGN_STYLE = Automatic;
				DEVELOPMENT_TEAM = 7484QKAZV9;
				ENABLE_HARDENED_RUNTIME = YES;
				HEADER_SEARCH_PATHS = (
					/opt/homebrew/Cellar/glfw/3.3.8/include/,
					/opt/homebrew/,
					/opt/homebrew/include/glm,
					/opt/homebrew/Cellar/glm/0.9.9.8/include/glm,
				);
				LIBRARY_SEARCH_PATHS = (
					"$(PROJECT_DIR)/GL/Vendor/lib",
					"$(PROJECT_DIR)",
				);
				PRODUCT_NAME = "$(TARGET_NAME)";
				USER_HEADER_SEARCH_PATHS = "$(PROJECT_DIR)/GL/src";
			};
			name = Debug;
		};
		9CE4F23F2A44438600136F44 /* Release */ = {
			isa = XCBuildConfiguration;
			buildSettings = {
				CODE_SIGN_STYLE = Automatic;
				DEVELOPMENT_TEAM = 7484QKAZV9;
				ENABLE_HARDENED_RUNTIME = YES;
				HEADER_SEARCH_PATHS = (
					/opt/homebrew/Cellar/glfw/3.3.8/include/,
					/opt/homebrew/,
					/opt/homebrew/include/glm,
					/opt/homebrew/Cellar/glm/0.9.9.8/include/glm,
				);
				LIBRARY_SEARCH_PATHS = (
					"$(PROJECT_DIR)/GL/Vendor/lib",
					"$(PROJECT_DIR)",
				);
				PRODUCT_NAME = "$(TARGET_NAME)";
				USER_HEADER_SEARCH_PATHS = "$(PROJECT_DIR)/GL/src";
			};
			name = Release;
		};
/* End XCBuildConfiguration section */

/* Begin XCConfigurationList section */
		9CE4F2312A44438600136F44 /* Build configuration list for PBXProject "GL" */ = {
			isa = XCConfigurationList;
			buildConfigurations = (
				9CE4F23B2A44438600136F44 /* Debug */,
				9CE4F23C2A44438600136F44 /* Release */,
			);
			defaultConfigurationIsVisible = 0;
			defaultConfigurationName = Release;
		};
		9CE4F23D2A44438600136F44 /* Build configuration list for PBXNativeTarget "GL" */ = {
			isa = XCConfigurationList;
			buildConfigurations = (
				9CE4F23E2A44438600136F44 /* Debug */,
				9CE4F23F2A44438600136F44 /* Release */,
			);
			defaultConfigurationIsVisible = 0;
			defaultConfigurationName = Release;
		};
/* End XCConfigurationList section */
	};
	rootObject = 9CE4F22E2A44438600136F44 /* Project object */;
}
